
Microsoft Visual Studio Solution File, Format Version 12.00
# Visual Studio Version 17
VisualStudioVersion = 17.0.31903.59
MinimumVisualStudioVersion = 10.0.40219.1
Project("{FAE04EC0-301F-11D3-BF4B-00C04F79EFBC}") = "RestaurantMenu.API", "RestaurantMenu.API\RestaurantMenu.API.csproj", "{DF4AEEA6-D54A-4E55-817E-E8597798F3CC}"
EndProject
Project("{FAE04EC0-301F-11D3-BF4B-00C04F79EFBC}") = "RestaurantMenu.Business", "RestaurantMenu.Business\RestaurantMenu.Business.csproj", "{64BED482-DD07-4B1C-A76E-D046A7E908E5}"
EndProject
Project("{FAE04EC0-301F-11D3-BF4B-00C04F79EFBC}") = "RestaurantMenu.Data", "RestaurantMenu.Data\RestaurantMenu.Data.csproj", "{BB4976EC-678A-4D51-BE5B-3C234CA2EB7B}"
EndProject
Global
	GlobalSection(SolutionConfigurationPlatforms) = preSolution
		Debug|Any CPU = Debug|Any CPU
		Debug|x64 = Debug|x64
		Debug|x86 = Debug|x86
		Release|Any CPU = Release|Any CPU
		Release|x64 = Release|x64
		Release|x86 = Release|x86
	EndGlobalSection
	GlobalSection(ProjectConfigurationPlatforms) = postSolution
		{DF4AEEA6-D54A-4E55-817E-E8597798F3CC}.Debug|Any CPU.ActiveCfg = Debug|Any CPU
		{DF4AEEA6-D54A-4E55-817E-E8597798F3CC}.Debug|Any CPU.Build.0 = Debug|Any CPU
		{DF4AEEA6-D54A-4E55-817E-E8597798F3CC}.Debug|x64.ActiveCfg = Debug|Any CPU
		{DF4AEEA6-D54A-4E55-817E-E8597798F3CC}.Debug|x64.Build.0 = Debug|Any CPU
		{DF4AEEA6-D54A-4E55-817E-E8597798F3CC}.Debug|x86.ActiveCfg = Debug|Any CPU
		{DF4AEEA6-D54A-4E55-817E-E8597798F3CC}.Debug|x86.Build.0 = Debug|Any CPU
		{DF4AEEA6-D54A-4E55-817E-E8597798F3CC}.Release|Any CPU.ActiveCfg = Release|Any CPU
		{DF4AEEA6-D54A-4E55-817E-E8597798F3CC}.Release|Any CPU.Build.0 = Release|Any CPU
		{DF4AEEA6-D54A-4E55-817E-E8597798F3CC}.Release|x64.ActiveCfg = Release|Any CPU
		{DF4AEEA6-D54A-4E55-817E-E8597798F3CC}.Release|x64.Build.0 = Release|Any CPU
		{DF4AEEA6-D54A-4E55-817E-E8597798F3CC}.Release|x86.ActiveCfg = Release|Any CPU
		{DF4AEEA6-D54A-4E55-817E-E8597798F3CC}.Release|x86.Build.0 = Release|Any CPU
		{64BED482-DD07-4B1C-A76E-D046A7E908E5}.Debug|Any CPU.ActiveCfg = Debug|Any CPU
		{64BED482-DD07-4B1C-A76E-D046A7E908E5}.Debug|Any CPU.Build.0 = Debug|Any CPU
		{64BED482-DD07-4B1C-A76E-D046A7E908E5}.Debug|x64.ActiveCfg = Debug|Any CPU
		{64BED482-DD07-4B1C-A76E-D046A7E908E5}.Debug|x64.Build.0 = Debug|Any CPU
		{64BED482-DD07-4B1C-A76E-D046A7E908E5}.Debug|x86.ActiveCfg = Debug|Any CPU
		{64BED482-DD07-4B1C-A76E-D046A7E908E5}.Debug|x86.Build.0 = Debug|Any CPU
		{64BED482-DD07-4B1C-A76E-D046A7E908E5}.Release|Any CPU.ActiveCfg = Release|Any CPU
		{64BED482-DD07-4B1C-A76E-D046A7E908E5}.Release|Any CPU.Build.0 = Release|Any CPU
		{64BED482-DD07-4B1C-A76E-D046A7E908E5}.Release|x64.ActiveCfg = Release|Any CPU
		{64BED482-DD07-4B1C-A76E-D046A7E908E5}.Release|x64.Build.0 = Release|Any CPU
		{64BED482-DD07-4B1C-A76E-D046A7E908E5}.Release|x86.ActiveCfg = Release|Any CPU
		{64BED482-DD07-4B1C-A76E-D046A7E908E5}.Release|x86.Build.0 = Release|Any CPU
		{BB4976EC-678A-4D51-BE5B-3C234CA2EB7B}.Debug|Any CPU.ActiveCfg = Debug|Any CPU
		{BB4976EC-678A-4D51-BE5B-3C234CA2EB7B}.Debug|Any CPU.Build.0 = Debug|Any CPU
		{BB4976EC-678A-4D51-BE5B-3C234CA2EB7B}.Debug|x64.ActiveCfg = Debug|Any CPU
		{BB4976EC-678A-4D51-BE5B-3C234CA2EB7B}.Debug|x64.Build.0 = Debug|Any CPU
		{BB4976EC-678A-4D51-BE5B-3C234CA2EB7B}.Debug|x86.ActiveCfg = Debug|Any CPU
		{BB4976EC-678A-4D51-BE5B-3C234CA2EB7B}.Debug|x86.Build.0 = Debug|Any CPU
		{BB4976EC-678A-4D51-BE5B-3C234CA2EB7B}.Release|Any CPU.ActiveCfg = Release|Any CPU
		{BB4976EC-678A-4D51-BE5B-3C234CA2EB7B}.Release|Any CPU.Build.0 = Release|Any CPU
		{BB4976EC-678A-4D51-BE5B-3C234CA2EB7B}.Release|x64.ActiveCfg = Release|Any CPU
		{BB4976EC-678A-4D51-BE5B-3C234CA2EB7B}.Release|x64.Build.0 = Release|Any CPU
		{BB4976EC-678A-4D51-BE5B-3C234CA2EB7B}.Release|x86.ActiveCfg = Release|Any CPU
		{BB4976EC-678A-4D51-BE5B-3C234CA2EB7B}.Release|x86.Build.0 = Release|Any CPU
	EndGlobalSection
	GlobalSection(SolutionProperties) = preSolution
		HideSolutionNode = FALSE
	EndGlobalSection
EndGlobal
